{
  "name": "echobrain-ai-powered-second-brain",
  "version": "1.0.0",
  "lockfileVersion": 2,
  "requires": true,
  "packages": {
    "": {
      "name": "echobrain-ai-powered-second-brain",
      "version": "1.0.0",
      "license": "MIT",
      "engines": {
        "node": ">=16.0.0",
        "npm": ">=7.0.0"
      }
    }
  }
}
